// !$*UTF8*$!
{
	archiveVersion = 1;
	classes = {
	};
	objectVersion = 46;
	objects = {

/* Begin PBXBuildFile section */
		20A721E21B8E9EBF0077516E /* LeftMenuView.m in Sources */ = {isa = PBXBuildFile; fileRef = 20A721E11B8E9EBF0077516E /* LeftMenuView.m */; };
		20EB1E421B8D96AC0051F1B6 /* main.m in Sources */ = {isa = PBXBuildFile; fileRef = 20EB1E411B8D96AC0051F1B6 /* main.m */; };
		20EB1E451B8D96AC0051F1B6 /* AppDelegate.m in Sources */ = {isa = PBXBuildFile; fileRef = 20EB1E441B8D96AC0051F1B6 /* AppDelegate.m */; };
		20EB1E481B8D96AC0051F1B6 /* MeViewController.m in Sources */ = {isa = PBXBuildFile; fileRef = 20EB1E471B8D96AC0051F1B6 /* MeViewController.m */; };
		20EB1E4B1B8D96AC0051F1B6 /* SearchViewController.m in Sources */ = {isa = PBXBuildFile; fileRef = 20EB1E4A1B8D96AC0051F1B6 /* SearchViewController.m */; };
		20EB1E4E1B8D96AC0051F1B6 /* Main.storyboard in Resources */ = {isa = PBXBuildFile; fileRef = 20EB1E4C1B8D96AC0051F1B6 /* Main.storyboard */; };
		20EB1E501B8D96AC0051F1B6 /* Images.xcassets in Resources */ = {isa = PBXBuildFile; fileRef = 20EB1E4F1B8D96AC0051F1B6 /* Images.xcassets */; };
		20EB1E531B8D96AC0051F1B6 /* LaunchScreen.xib in Resources */ = {isa = PBXBuildFile; fileRef = 20EB1E511B8D96AC0051F1B6 /* LaunchScreen.xib */; };
		20EB1E5F1B8D96AC0051F1B6 /* AcAnonymousTests.m in Sources */ = {isa = PBXBuildFile; fileRef = 20EB1E5E1B8D96AC0051F1B6 /* AcAnonymousTests.m */; };
		20EB1E6F1B8D97890051F1B6 /* HomeNavigationController.m in Sources */ = {isa = PBXBuildFile; fileRef = 20EB1E6E1B8D97890051F1B6 /* HomeNavigationController.m */; };
		20EB1E791B8D99990051F1B6 /* MainTabBarController.m in Sources */ = {isa = PBXBuildFile; fileRef = 20EB1E781B8D99990051F1B6 /* MainTabBarController.m */; };
		20EB1E7C1B8D9A900051F1B6 /* HomeViewController.m in Sources */ = {isa = PBXBuildFile; fileRef = 20EB1E7B1B8D9A900051F1B6 /* HomeViewController.m */; };
		20EB1E821B8D9B2E0051F1B6 /* SearchNavigationController.m in Sources */ = {isa = PBXBuildFile; fileRef = 20EB1E811B8D9B2E0051F1B6 /* SearchNavigationController.m */; };
		20EB1E851B8D9B520051F1B6 /* MeNavigationController.m in Sources */ = {isa = PBXBuildFile; fileRef = 20EB1E841B8D9B520051F1B6 /* MeNavigationController.m */; };
		20EB1E981B8DA4D60051F1B6 /* home@3x.png in Resources */ = {isa = PBXBuildFile; fileRef = 20EB1E941B8DA4D60051F1B6 /* home@3x.png */; };
		20EB1E9A1B8DA4D60051F1B6 /* search@3x.png in Resources */ = {isa = PBXBuildFile; fileRef = 20EB1E961B8DA4D60051F1B6 /* search@3x.png */; };
		20EB1E9B1B8DA4D60051F1B6 /* start@3x.png in Resources */ = {isa = PBXBuildFile; fileRef = 20EB1E971B8DA4D60051F1B6 /* start@3x.png */; };
		20EB1E9D1B8DA5690051F1B6 /* me@3x.png in Resources */ = {isa = PBXBuildFile; fileRef = 20EB1E9C1B8DA5690051F1B6 /* me@3x.png */; };
		38CA26097155B28ABE6AB5C0 /* libPods-AcAnonymous.a in Frameworks */ = {isa = PBXBuildFile; fileRef = 38CA2E308E427FBB5776CF75 /* libPods-AcAnonymous.a */; };
		38CA29268C42CEAEE32E7230 /* AppHttpClient.m in Sources */ = {isa = PBXBuildFile; fileRef = 38CA27F43C54CCCD9B4B8F4F /* AppHttpClient.m */; };
/* End PBXBuildFile section */

/* Begin PBXContainerItemProxy section */
		20EB1E591B8D96AC0051F1B6 /* PBXContainerItemProxy */ = {
			isa = PBXContainerItemProxy;
			containerPortal = 20EB1E341B8D96AC0051F1B6 /* Project object */;
			proxyType = 1;
			remoteGlobalIDString = 20EB1E3B1B8D96AC0051F1B6;
			remoteInfo = AcAnonymous;
		};
/* End PBXContainerItemProxy section */

/* Begin PBXFileReference section */
		20A721E01B8E9EBF0077516E /* LeftMenuView.h */ = {isa = PBXFileReference; fileEncoding = 4; lastKnownFileType = sourcecode.c.h; path = LeftMenuView.h; sourceTree = "<group>"; };
		20A721E11B8E9EBF0077516E /* LeftMenuView.m */ = {isa = PBXFileReference; fileEncoding = 4; lastKnownFileType = sourcecode.c.objc; path = LeftMenuView.m; sourceTree = "<group>"; };
		20EB1E3C1B8D96AC0051F1B6 /* AcAnonymous.app */ = {isa = PBXFileReference; explicitFileType = wrapper.application; includeInIndex = 0; path = AcAnonymous.app; sourceTree = BUILT_PRODUCTS_DIR; };
		20EB1E401B8D96AC0051F1B6 /* Info.plist */ = {isa = PBXFileReference; lastKnownFileType = text.plist.xml; path = Info.plist; sourceTree = "<group>"; };
		20EB1E411B8D96AC0051F1B6 /* main.m */ = {isa = PBXFileReference; lastKnownFileType = sourcecode.c.objc; path = main.m; sourceTree = "<group>"; };
		20EB1E431B8D96AC0051F1B6 /* AppDelegate.h */ = {isa = PBXFileReference; lastKnownFileType = sourcecode.c.h; path = AppDelegate.h; sourceTree = "<group>"; };
		20EB1E441B8D96AC0051F1B6 /* AppDelegate.m */ = {isa = PBXFileReference; lastKnownFileType = sourcecode.c.objc; path = AppDelegate.m; sourceTree = "<group>"; };
		20EB1E461B8D96AC0051F1B6 /* MeViewController.h */ = {isa = PBXFileReference; lastKnownFileType = sourcecode.c.h; path = MeViewController.h; sourceTree = "<group>"; };
		20EB1E471B8D96AC0051F1B6 /* MeViewController.m */ = {isa = PBXFileReference; lastKnownFileType = sourcecode.c.objc; path = MeViewController.m; sourceTree = "<group>"; };
		20EB1E491B8D96AC0051F1B6 /* SearchViewController.h */ = {isa = PBXFileReference; lastKnownFileType = sourcecode.c.h; path = SearchViewController.h; sourceTree = "<group>"; };
		20EB1E4A1B8D96AC0051F1B6 /* SearchViewController.m */ = {isa = PBXFileReference; lastKnownFileType = sourcecode.c.objc; path = SearchViewController.m; sourceTree = "<group>"; };
		20EB1E4D1B8D96AC0051F1B6 /* Base */ = {isa = PBXFileReference; lastKnownFileType = file.storyboard; name = Base; path = Base.lproj/Main.storyboard; sourceTree = "<group>"; };
		20EB1E4F1B8D96AC0051F1B6 /* Images.xcassets */ = {isa = PBXFileReference; lastKnownFileType = folder.assetcatalog; path = Images.xcassets; sourceTree = "<group>"; };
		20EB1E521B8D96AC0051F1B6 /* Base */ = {isa = PBXFileReference; lastKnownFileType = file.xib; name = Base; path = Base.lproj/LaunchScreen.xib; sourceTree = "<group>"; };
		20EB1E581B8D96AC0051F1B6 /* AcAnonymousTests.xctest */ = {isa = PBXFileReference; explicitFileType = wrapper.cfbundle; includeInIndex = 0; path = AcAnonymousTests.xctest; sourceTree = BUILT_PRODUCTS_DIR; };
		20EB1E5D1B8D96AC0051F1B6 /* Info.plist */ = {isa = PBXFileReference; lastKnownFileType = text.plist.xml; path = Info.plist; sourceTree = "<group>"; };
		20EB1E5E1B8D96AC0051F1B6 /* AcAnonymousTests.m */ = {isa = PBXFileReference; lastKnownFileType = sourcecode.c.objc; path = AcAnonymousTests.m; sourceTree = "<group>"; };
		20EB1E6D1B8D97890051F1B6 /* HomeNavigationController.h */ = {isa = PBXFileReference; fileEncoding = 4; lastKnownFileType = sourcecode.c.h; path = HomeNavigationController.h; sourceTree = "<group>"; };
		20EB1E6E1B8D97890051F1B6 /* HomeNavigationController.m */ = {isa = PBXFileReference; fileEncoding = 4; lastKnownFileType = sourcecode.c.objc; path = HomeNavigationController.m; sourceTree = "<group>"; };
		20EB1E771B8D99990051F1B6 /* MainTabBarController.h */ = {isa = PBXFileReference; fileEncoding = 4; lastKnownFileType = sourcecode.c.h; path = MainTabBarController.h; sourceTree = "<group>"; };
		20EB1E781B8D99990051F1B6 /* MainTabBarController.m */ = {isa = PBXFileReference; fileEncoding = 4; lastKnownFileType = sourcecode.c.objc; path = MainTabBarController.m; sourceTree = "<group>"; };
		20EB1E7A1B8D9A900051F1B6 /* HomeViewController.h */ = {isa = PBXFileReference; fileEncoding = 4; lastKnownFileType = sourcecode.c.h; path = HomeViewController.h; sourceTree = "<group>"; };
		20EB1E7B1B8D9A900051F1B6 /* HomeViewController.m */ = {isa = PBXFileReference; fileEncoding = 4; lastKnownFileType = sourcecode.c.objc; path = HomeViewController.m; sourceTree = "<group>"; };
		20EB1E801B8D9B2E0051F1B6 /* SearchNavigationController.h */ = {isa = PBXFileReference; fileEncoding = 4; lastKnownFileType = sourcecode.c.h; path = SearchNavigationController.h; sourceTree = "<group>"; };
		20EB1E811B8D9B2E0051F1B6 /* SearchNavigationController.m */ = {isa = PBXFileReference; fileEncoding = 4; lastKnownFileType = sourcecode.c.objc; path = SearchNavigationController.m; sourceTree = "<group>"; };
		20EB1E831B8D9B520051F1B6 /* MeNavigationController.h */ = {isa = PBXFileReference; fileEncoding = 4; lastKnownFileType = sourcecode.c.h; path = MeNavigationController.h; sourceTree = "<group>"; };
		20EB1E841B8D9B520051F1B6 /* MeNavigationController.m */ = {isa = PBXFileReference; fileEncoding = 4; lastKnownFileType = sourcecode.c.objc; path = MeNavigationController.m; sourceTree = "<group>"; };
		20EB1E941B8DA4D60051F1B6 /* home@3x.png */ = {isa = PBXFileReference; lastKnownFileType = image.png; path = "home@3x.png"; sourceTree = "<group>"; };
		20EB1E961B8DA4D60051F1B6 /* search@3x.png */ = {isa = PBXFileReference; lastKnownFileType = image.png; path = "search@3x.png"; sourceTree = "<group>"; };
		20EB1E971B8DA4D60051F1B6 /* start@3x.png */ = {isa = PBXFileReference; lastKnownFileType = image.png; path = "start@3x.png"; sourceTree = "<group>"; };
		20EB1E9C1B8DA5690051F1B6 /* me@3x.png */ = {isa = PBXFileReference; lastKnownFileType = image.png; path = "me@3x.png"; sourceTree = "<group>"; };
		32310C290CA0041EB20D2099 /* Pods-AcAnonymous.release.xcconfig */ = {isa = PBXFileReference; includeInIndex = 1; lastKnownFileType = text.xcconfig; name = "Pods-AcAnonymous.release.xcconfig"; path = "Pods/Target Support Files/Pods-AcAnonymous/Pods-AcAnonymous.release.xcconfig"; sourceTree = "<group>"; };
		38CA27F43C54CCCD9B4B8F4F /* AppHttpClient.m */ = {isa = PBXFileReference; fileEncoding = 4; lastKnownFileType = sourcecode.c.objc; path = AppHttpClient.m; sourceTree = "<group>"; };
		38CA2E308E427FBB5776CF75 /* libPods-AcAnonymous.a */ = {isa = PBXFileReference; lastKnownFileType = archive.ar; name = "libPods-AcAnonymous.a"; path = "../../Library/Caches/appCode31/DerivedData/AcAnonymous-e9795/Build/Products/Debug-iphonesimulator/libPods-AcAnonymous.a"; sourceTree = "<group>"; };
		38CA2FB94C8871161CC96E18 /* AppHttpClient.h */ = {isa = PBXFileReference; fileEncoding = 4; lastKnownFileType = sourcecode.c.h; path = AppHttpClient.h; sourceTree = "<group>"; };
		BFA4DB539BF4467E0B790249 /* Pods-AcAnonymous.debug.xcconfig */ = {isa = PBXFileReference; includeInIndex = 1; lastKnownFileType = text.xcconfig; name = "Pods-AcAnonymous.debug.xcconfig"; path = "Pods/Target Support Files/Pods-AcAnonymous/Pods-AcAnonymous.debug.xcconfig"; sourceTree = "<group>"; };
/* End PBXFileReference section */

/* Begin PBXFrameworksBuildPhase section */
		20EB1E391B8D96AC0051F1B6 /* Frameworks */ = {
			isa = PBXFrameworksBuildPhase;
			buildActionMask = 2147483647;
			files = (
				38CA26097155B28ABE6AB5C0 /* libPods-AcAnonymous.a in Frameworks */,
			);
			runOnlyForDeploymentPostprocessing = 0;
		};
		20EB1E551B8D96AC0051F1B6 /* Frameworks */ = {
			isa = PBXFrameworksBuildPhase;
			buildActionMask = 2147483647;
			files = (
			);
			runOnlyForDeploymentPostprocessing = 0;
		};
/* End PBXFrameworksBuildPhase section */

/* Begin PBXGroup section */
		20EB1E331B8D96AC0051F1B6 = {
			isa = PBXGroup;
			children = (
				20EB1E3E1B8D96AC0051F1B6 /* AcAnonymous */,
				20EB1E5B1B8D96AC0051F1B6 /* AcAnonymousTests */,
				20EB1E3D1B8D96AC0051F1B6 /* Products */,
				3A6324CC3924EBE80A18F7D1 /* Pods */,
			);
			sourceTree = "<group>";
		};
		20EB1E3D1B8D96AC0051F1B6 /* Products */ = {
			isa = PBXGroup;
			children = (
				20EB1E3C1B8D96AC0051F1B6 /* AcAnonymous.app */,
				20EB1E581B8D96AC0051F1B6 /* AcAnonymousTests.xctest */,
			);
			name = Products;
			sourceTree = "<group>";
		};
		20EB1E3E1B8D96AC0051F1B6 /* AcAnonymous */ = {
			isa = PBXGroup;
			children = (
				20EB1E701B8D978F0051F1B6 /* Resources */,
				20EB1E681B8D96FA0051F1B6 /* UI */,
				20EB1E431B8D96AC0051F1B6 /* AppDelegate.h */,
				20EB1E441B8D96AC0051F1B6 /* AppDelegate.m */,
				20EB1E4C1B8D96AC0051F1B6 /* Main.storyboard */,
				20EB1E511B8D96AC0051F1B6 /* LaunchScreen.xib */,
				20EB1E3F1B8D96AC0051F1B6 /* Supporting Files */,
				38CA2848935269CE066BEAB4 /* Support */,
			);
			path = AcAnonymous;
			sourceTree = "<group>";
		};
		20EB1E3F1B8D96AC0051F1B6 /* Supporting Files */ = {
			isa = PBXGroup;
			children = (
				20EB1E401B8D96AC0051F1B6 /* Info.plist */,
				20EB1E411B8D96AC0051F1B6 /* main.m */,
			);
			name = "Supporting Files";
			sourceTree = "<group>";
		};
		20EB1E5B1B8D96AC0051F1B6 /* AcAnonymousTests */ = {
			isa = PBXGroup;
			children = (
				20EB1E5E1B8D96AC0051F1B6 /* AcAnonymousTests.m */,
				20EB1E5C1B8D96AC0051F1B6 /* Supporting Files */,
				38CA20FC703DAD46CEE85230 /* Frameworks */,
			);
			path = AcAnonymousTests;
			sourceTree = "<group>";
		};
		20EB1E5C1B8D96AC0051F1B6 /* Supporting Files */ = {
			isa = PBXGroup;
			children = (
				20EB1E5D1B8D96AC0051F1B6 /* Info.plist */,
			);
			name = "Supporting Files";
			sourceTree = "<group>";
		};
		20EB1E681B8D96FA0051F1B6 /* UI */ = {
			isa = PBXGroup;
			children = (
				20EB1E691B8D97030051F1B6 /* Main */,
			);
			name = UI;
			sourceTree = "<group>";
		};
		20EB1E691B8D97030051F1B6 /* Main */ = {
			isa = PBXGroup;
			children = (
				20EB1E6C1B8D97180051F1B6 /* Me */,
				20EB1E6B1B8D97120051F1B6 /* Search */,
				20EB1E6A1B8D970C0051F1B6 /* Home */,
				20EB1E771B8D99990051F1B6 /* MainTabBarController.h */,
				20EB1E781B8D99990051F1B6 /* MainTabBarController.m */,
				20A721E01B8E9EBF0077516E /* LeftMenuView.h */,
				20A721E11B8E9EBF0077516E /* LeftMenuView.m */,
			);
			name = Main;
			sourceTree = "<group>";
		};
		20EB1E6A1B8D970C0051F1B6 /* Home */ = {
			isa = PBXGroup;
			children = (
				20EB1E6D1B8D97890051F1B6 /* HomeNavigationController.h */,
				20EB1E6E1B8D97890051F1B6 /* HomeNavigationController.m */,
				20EB1E7A1B8D9A900051F1B6 /* HomeViewController.h */,
				20EB1E7B1B8D9A900051F1B6 /* HomeViewController.m */,
			);
			name = Home;
			sourceTree = "<group>";
		};
		20EB1E6B1B8D97120051F1B6 /* Search */ = {
			isa = PBXGroup;
			children = (
				20EB1E491B8D96AC0051F1B6 /* SearchViewController.h */,
				20EB1E4A1B8D96AC0051F1B6 /* SearchViewController.m */,
				20EB1E801B8D9B2E0051F1B6 /* SearchNavigationController.h */,
				20EB1E811B8D9B2E0051F1B6 /* SearchNavigationController.m */,
			);
			name = Search;
			sourceTree = "<group>";
		};
		20EB1E6C1B8D97180051F1B6 /* Me */ = {
			isa = PBXGroup;
			children = (
				20EB1E461B8D96AC0051F1B6 /* MeViewController.h */,
				20EB1E471B8D96AC0051F1B6 /* MeViewController.m */,
				20EB1E831B8D9B520051F1B6 /* MeNavigationController.h */,
				20EB1E841B8D9B520051F1B6 /* MeNavigationController.m */,
			);
			name = Me;
			sourceTree = "<group>";
		};
		20EB1E701B8D978F0051F1B6 /* Resources */ = {
			isa = PBXGroup;
			children = (
				20EB1E4F1B8D96AC0051F1B6 /* Images.xcassets */,
				20EB1E9C1B8DA5690051F1B6 /* me@3x.png */,
				20EB1E941B8DA4D60051F1B6 /* home@3x.png */,
				20EB1E961B8DA4D60051F1B6 /* search@3x.png */,
				20EB1E971B8DA4D60051F1B6 /* start@3x.png */,
			);
			name = Resources;
			sourceTree = "<group>";
		};
		38CA20FC703DAD46CEE85230 /* Frameworks */ = {
			isa = PBXGroup;
			children = (
				38CA2E308E427FBB5776CF75 /* libPods-AcAnonymous.a */,
			);
			name = Frameworks;
			path = ../../AcAnonymous;
			sourceTree = "<group>";
		};
		38CA2848935269CE066BEAB4 /* Support */ = {
			isa = PBXGroup;
			children = (
				38CA2EDD616964B77DB1AE63 /* Http */,
			);
			path = Support;
			sourceTree = "<group>";
		};
		38CA2EDD616964B77DB1AE63 /* Http */ = {
			isa = PBXGroup;
			children = (
				38CA27F43C54CCCD9B4B8F4F /* AppHttpClient.m */,
				38CA2FB94C8871161CC96E18 /* AppHttpClient.h */,
			);
			path = Http;
			sourceTree = "<group>";
		};
		3A6324CC3924EBE80A18F7D1 /* Pods */ = {
			isa = PBXGroup;
			children = (
				BFA4DB539BF4467E0B790249 /* Pods-AcAnonymous.debug.xcconfig */,
				32310C290CA0041EB20D2099 /* Pods-AcAnonymous.release.xcconfig */,
			);
			name = Pods;
			sourceTree = "<group>";
		};
/* End PBXGroup section */

/* Begin PBXNativeTarget section */
		20EB1E3B1B8D96AC0051F1B6 /* AcAnonymous */ = {
			isa = PBXNativeTarget;
			buildConfigurationList = 20EB1E621B8D96AC0051F1B6 /* Build configuration list for PBXNativeTarget "AcAnonymous" */;
			buildPhases = (
				EAA14D0FA7C5BBF2D09B5664 /* Check Pods Manifest.lock */,
				20EB1E381B8D96AC0051F1B6 /* Sources */,
				20EB1E391B8D96AC0051F1B6 /* Frameworks */,
				20EB1E3A1B8D96AC0051F1B6 /* Resources */,
				B093DCB3EA20955D0455223F /* Copy Pods Resources */,
			);
			buildRules = (
			);
			dependencies = (
			);
			name = AcAnonymous;
			productName = AcAnonymous;
			productReference = 20EB1E3C1B8D96AC0051F1B6 /* AcAnonymous.app */;
			productType = "com.apple.product-type.application";
		};
		20EB1E571B8D96AC0051F1B6 /* AcAnonymousTests */ = {
			isa = PBXNativeTarget;
			buildConfigurationList = 20EB1E651B8D96AC0051F1B6 /* Build configuration list for PBXNativeTarget "AcAnonymousTests" */;
			buildPhases = (
				20EB1E541B8D96AC0051F1B6 /* Sources */,
				20EB1E551B8D96AC0051F1B6 /* Frameworks */,
				20EB1E561B8D96AC0051F1B6 /* Resources */,
			);
			buildRules = (
			);
			dependencies = (
				20EB1E5A1B8D96AC0051F1B6 /* PBXTargetDependency */,
			);
			name = AcAnonymousTests;
			productName = AcAnonymousTests;
			productReference = 20EB1E581B8D96AC0051F1B6 /* AcAnonymousTests.xctest */;
			productType = "com.apple.product-type.bundle.unit-test";
		};
/* End PBXNativeTarget section */

/* Begin PBXProject section */
		20EB1E341B8D96AC0051F1B6 /* Project object */ = {
			isa = PBXProject;
			attributes = {
				LastUpgradeCheck = 0640;
				ORGANIZATIONNAME = succlz123;
				TargetAttributes = {
					20EB1E3B1B8D96AC0051F1B6 = {
						CreatedOnToolsVersion = 6.4;
					};
					20EB1E571B8D96AC0051F1B6 = {
						CreatedOnToolsVersion = 6.4;
						TestTargetID = 20EB1E3B1B8D96AC0051F1B6;
					};
				};
			};
			buildConfigurationList = 20EB1E371B8D96AC0051F1B6 /* Build configuration list for PBXProject "AcAnonymous" */;
			compatibilityVersion = "Xcode 3.2";
			developmentRegion = English;
			hasScannedForEncodings = 0;
			knownRegions = (
				en,
				Base,
			);
			mainGroup = 20EB1E331B8D96AC0051F1B6;
			productRefGroup = 20EB1E3D1B8D96AC0051F1B6 /* Products */;
			projectDirPath = "";
			projectRoot = "";
			targets = (
				20EB1E3B1B8D96AC0051F1B6 /* AcAnonymous */,
				20EB1E571B8D96AC0051F1B6 /* AcAnonymousTests */,
			);
		};
/* End PBXProject section */

/* Begin PBXResourcesBuildPhase section */
		20EB1E3A1B8D96AC0051F1B6 /* Resources */ = {
			isa = PBXResourcesBuildPhase;
			buildActionMask = 2147483647;
			files = (
				20EB1E4E1B8D96AC0051F1B6 /* Main.storyboard in Resources */,
				20EB1E9D1B8DA5690051F1B6 /* me@3x.png in Resources */,
				20EB1E9B1B8DA4D60051F1B6 /* start@3x.png in Resources */,
				20EB1E531B8D96AC0051F1B6 /* LaunchScreen.xib in Resources */,
				20EB1E981B8DA4D60051F1B6 /* home@3x.png in Resources */,
				20EB1E9A1B8DA4D60051F1B6 /* search@3x.png in Resources */,
				20EB1E501B8D96AC0051F1B6 /* Images.xcassets in Resources */,
			);
			runOnlyForDeploymentPostprocessing = 0;
		};
		20EB1E561B8D96AC0051F1B6 /* Resources */ = {
			isa = PBXResourcesBuildPhase;
			buildActionMask = 2147483647;
			files = (
			);
			runOnlyForDeploymentPostprocessing = 0;
		};
/* End PBXResourcesBuildPhase section */

/* Begin PBXShellScriptBuildPhase section */
		B093DCB3EA20955D0455223F /* Copy Pods Resources */ = {
			isa = PBXShellScriptBuildPhase;
			buildActionMask = 2147483647;
			files = (
			);
			inputPaths = (
			);
			name = "Copy Pods Resources";
			outputPaths = (
			);
			runOnlyForDeploymentPostprocessing = 0;
			shellPath = /bin/sh;
			shellScript = "\"${SRCROOT}/Pods/Target Support Files/Pods-AcAnonymous/Pods-AcAnonymous-resources.sh\"\n";
			showEnvVarsInLog = 0;
		};
		EAA14D0FA7C5BBF2D09B5664 /* Check Pods Manifest.lock */ = {
			isa = PBXShellScriptBuildPhase;
			buildActionMask = 2147483647;
			files = (
			);
			inputPaths = (
			);
			name = "Check Pods Manifest.lock";
			outputPaths = (
			);
			runOnlyForDeploymentPostprocessing = 0;
			shellPath = /bin/sh;
			shellScript = "diff \"${PODS_ROOT}/../Podfile.lock\" \"${PODS_ROOT}/Manifest.lock\" > /dev/null\nif [[ $? != 0 ]] ; then\n    cat << EOM\nerror: The sandbox is not in sync with the Podfile.lock. Run 'pod install' or update your CocoaPods installation.\nEOM\n    exit 1\nfi\n";
			showEnvVarsInLog = 0;
		};
/* End PBXShellScriptBuildPhase section */

/* Begin PBXSourcesBuildPhase section */
		20EB1E381B8D96AC0051F1B6 /* Sources */ = {
			isa = PBXSourcesBuildPhase;
			buildActionMask = 2147483647;
			files = (
				20EB1E4B1B8D96AC0051F1B6 /* SearchViewController.m in Sources */,
				20EB1E821B8D9B2E0051F1B6 /* SearchNavigationController.m in Sources */,
				20EB1E6F1B8D97890051F1B6 /* HomeNavigationController.m in Sources */,
				20EB1E791B8D99990051F1B6 /* MainTabBarController.m in Sources */,
				20EB1E851B8D9B520051F1B6 /* MeNavigationController.m in Sources */,
				20EB1E451B8D96AC0051F1B6 /* AppDelegate.m in Sources */,
				20EB1E481B8D96AC0051F1B6 /* MeViewController.m in Sources */,
				20EB1E7C1B8D9A900051F1B6 /* HomeViewController.m in Sources */,
				20EB1E421B8D96AC0051F1B6 /* main.m in Sources */,
				38CA29268C42CEAEE32E7230 /* AppHttpClient.m in Sources */,
				20A721E21B8E9EBF0077516E /* LeftMenuView.m in Sources */,
			);
			runOnlyForDeploymentPostprocessing = 0;
		};
		20EB1E541B8D96AC0051F1B6 /* Sources */ = {
			isa = PBXSourcesBuildPhase;
			buildActionMask = 2147483647;
			files = (
				20EB1E5F1B8D96AC0051F1B6 /* AcAnonymousTests.m in Sources */,
			);
			runOnlyForDeploymentPostprocessing = 0;
		};
/* End PBXSourcesBuildPhase section */

/* Begin PBXTargetDependency section */
		20EB1E5A1B8D96AC0051F1B6 /* PBXTargetDependency */ = {
			isa = PBXTargetDependency;
			target = 20EB1E3B1B8D96AC0051F1B6 /* AcAnonymous */;
			targetProxy = 20EB1E591B8D96AC0051F1B6 /* PBXContainerItemProxy */;
		};
/* End PBXTargetDependency section */

/* Begin PBXVariantGroup section */
		20EB1E4C1B8D96AC0051F1B6 /* Main.storyboard */ = {
			isa = PBXVariantGroup;
			children = (
				20EB1E4D1B8D96AC0051F1B6 /* Base */,
			);
			name = Main.storyboard;
			sourceTree = "<group>";
		};
		20EB1E511B8D96AC0051F1B6 /* LaunchScreen.xib */ = {
			isa = PBXVariantGroup;
			children = (
				20EB1E521B8D96AC0051F1B6 /* Base */,
			);
			name = LaunchScreen.xib;
			sourceTree = "<group>";
		};
/* End PBXVariantGroup section */

/* Begin XCBuildConfiguration section */
		20EB1E601B8D96AC0051F1B6 /* Debug */ = {
			isa = XCBuildConfiguration;
			buildSettings = {
				ALWAYS_SEARCH_USER_PATHS = NO;
				CLANG_CXX_LANGUAGE_STANDARD = "gnu++0x";
				CLANG_CXX_LIBRARY = "libc++";
				CLANG_ENABLE_MODULES = YES;
				CLANG_ENABLE_OBJC_ARC = YES;
				CLANG_WARN_BOOL_CONVERSION = YES;
				CLANG_WARN_CONSTANT_CONVERSION = YES;
				CLANG_WARN_DIRECT_OBJC_ISA_USAGE = YES_ERROR;
				CLANG_WARN_EMPTY_BODY = YES;
				CLANG_WARN_ENUM_CONVERSION = YES;
				CLANG_WARN_INT_CONVERSION = YES;
				CLANG_WARN_OBJC_ROOT_CLASS = YES_ERROR;
				CLANG_WARN_UNREACHABLE_CODE = YES;
				CLANG_WARN__DUPLICATE_METHOD_MATCH = YES;
				"CODE_SIGN_IDENTITY[sdk=iphoneos*]" = "iPhone Developer";
				COPY_PHASE_STRIP = NO;
				DEBUG_INFORMATION_FORMAT = "dwarf-with-dsym";
				ENABLE_STRICT_OBJC_MSGSEND = YES;
				GCC_C_LANGUAGE_STANDARD = gnu99;
				GCC_DYNAMIC_NO_PIC = NO;
				GCC_NO_COMMON_BLOCKS = YES;
				GCC_OPTIMIZATION_LEVEL = 0;
				GCC_PREPROCESSOR_DEFINITIONS = (
					"DEBUG=1",
					"$(inherited)",
				);
				GCC_SYMBOLS_PRIVATE_EXTERN = NO;
				GCC_WARN_64_TO_32_BIT_CONVERSION = YES;
				GCC_WARN_ABOUT_RETURN_TYPE = YES_ERROR;
				GCC_WARN_UNDECLARED_SELECTOR = YES;
				GCC_WARN_UNINITIALIZED_AUTOS = YES_AGGRESSIVE;
				GCC_WARN_UNUSED_FUNCTION = YES;
				GCC_WARN_UNUSED_VARIABLE = YES;
				IPHONEOS_DEPLOYMENT_TARGET = 8.4;
				MTL_ENABLE_DEBUG_INFO = YES;
				ONLY_ACTIVE_ARCH = YES;
				SDKROOT = iphoneos;
				TARGETED_DEVICE_FAMILY = "1,2";
			};
			name = Debug;
		};
		20EB1E611B8D96AC0051F1B6 /* Release */ = {
			isa = XCBuildConfiguration;
			buildSettings = {
				ALWAYS_SEARCH_USER_PATHS = NO;
				CLANG_CXX_LANGUAGE_STANDARD = "gnu++0x";
				CLANG_CXX_LIBRARY = "libc++";
				CLANG_ENABLE_MODULES = YES;
				CLANG_ENABLE_OBJC_ARC = YES;
				CLANG_WARN_BOOL_CONVERSION = YES;
				CLANG_WARN_CONSTANT_CONVERSION = YES;
				CLANG_WARN_DIRECT_OBJC_ISA_USAGE = YES_ERROR;
				CLANG_WARN_EMPTY_BODY = YES;
				CLANG_WARN_ENUM_CONVERSION = YES;
				CLANG_WARN_INT_CONVERSION = YES;
				CLANG_WARN_OBJC_ROOT_CLASS = YES_ERROR;
				CLANG_WARN_UNREACHABLE_CODE = YES;
				CLANG_WARN__DUPLICATE_METHOD_MATCH = YES;
				"CODE_SIGN_IDENTITY[sdk=iphoneos*]" = "iPhone Developer";
				COPY_PHASE_STRIP = NO;
				DEBUG_INFORMATION_FORMAT = "dwarf-with-dsym";
				ENABLE_NS_ASSERTIONS = NO;
				ENABLE_STRICT_OBJC_MSGSEND = YES;
				GCC_C_LANGUAGE_STANDARD = gnu99;
				GCC_NO_COMMON_BLOCKS = YES;
				GCC_WARN_64_TO_32_BIT_CONVERSION = YES;
				GCC_WARN_ABOUT_RETURN_TYPE = YES_ERROR;
				GCC_WARN_UNDECLARED_SELECTOR = YES;
				GCC_WARN_UNINITIALIZED_AUTOS = YES_AGGRESSIVE;
				GCC_WARN_UNUSED_FUNCTION = YES;
				GCC_WARN_UNUSED_VARIABLE = YES;
				IPHONEOS_DEPLOYMENT_TARGET = 8.4;
				MTL_ENABLE_DEBUG_INFO = NO;
				SDKROOT = iphoneos;
				TARGETED_DEVICE_FAMILY = "1,2";
				VALIDATE_PRODUCT = YES;
			};
			name = Release;
		};
		20EB1E631B8D96AC0051F1B6 /* Debug */ = {
			isa = XCBuildConfiguration;
			baseConfigurationReference = BFA4DB539BF4467E0B790249 /* Pods-AcAnonymous.debug.xcconfig */;
			buildSettings = {
				ASSETCATALOG_COMPILER_APPICON_NAME = AppIcon;
				INFOPLIST_FILE = AcAnonymous/Info.plist;
				LD_RUNPATH_SEARCH_PATHS = "$(inherited) @executable_path/Frameworks";
				PRODUCT_NAME = "$(TARGET_NAME)";
				USER_HEADER_SEARCH_PATHS = "\"${PROJECT_DIR}/Pods\"/**";
			};
			name = Debug;
		};
		20EB1E641B8D96AC0051F1B6 /* Release */ = {
			isa = XCBuildConfiguration;
			baseConfigurationReference = 32310C290CA0041EB20D2099 /* Pods-AcAnonymous.release.xcconfig */;
			buildSettings = {
				ASSETCATALOG_COMPILER_APPICON_NAME = AppIcon;
				INFOPLIST_FILE = AcAnonymous/Info.plist;
				LD_RUNPATH_SEARCH_PATHS = "$(inherited) @executable_path/Frameworks";
				PRODUCT_NAME = "$(TARGET_NAME)";
				USER_HEADER_SEARCH_PATHS = "\"${PROJECT_DIR}/Pods\"/**";
			};
			name = Release;
		};
		20EB1E661B8D96AC0051F1B6 /* Debug */ = {
			isa = XCBuildConfiguration;
			buildSettings = {
				BUNDLE_LOADER = "$(TEST_HOST)";
				FRAMEWORK_SEARCH_PATHS = (
					"$(SDKROOT)/Developer/Library/Frameworks",
					"$(inherited)",
				);
				GCC_PREPROCESSOR_DEFINITIONS = (
					"DEBUG=1",
					"$(inherited)",
				);
				INFOPLIST_FILE = AcAnonymousTests/Info.plist;
				LD_RUNPATH_SEARCH_PATHS = "$(inherited) @executable_path/Frameworks @loader_path/Frameworks";
				PRODUCT_NAME = "$(TARGET_NAME)";
				TEST_HOST = "$(BUILT_PRODUCTS_DIR)/AcAnonymous.app/AcAnonymous";
			};
			name = Debug;
		};
		20EB1E671B8D96AC0051F1B6 /* Release */ = {
			isa = XCBuildConfiguration;
			buildSettings = {
				BUNDLE_LOADER = "$(TEST_HOST)";
				FRAMEWORK_SEARCH_PATHS = (
					"$(SDKROOT)/Developer/Library/Frameworks",
					"$(inherited)",
				);
				INFOPLIST_FILE = AcAnonymousTests/Info.plist;
				LD_RUNPATH_SEARCH_PATHS = "$(inherited) @executable_path/Frameworks @loader_path/Frameworks";
				PRODUCT_NAME = "$(TARGET_NAME)";
				TEST_HOST = "$(BUILT_PRODUCTS_DIR)/AcAnonymous.app/AcAnonymous";
			};
			name = Release;
		};
/* End XCBuildConfiguration section */

/* Begin XCConfigurationList section */
		20EB1E371B8D96AC0051F1B6 /* Build configuration list for PBXProject "AcAnonymous" */ = {
			isa = XCConfigurationList;
			buildConfigurations = (
				20EB1E601B8D96AC0051F1B6 /* Debug */,
				20EB1E611B8D96AC0051F1B6 /* Release */,
			);
			defaultConfigurationIsVisible = 0;
			defaultConfigurationName = Release;
		};
		20EB1E621B8D96AC0051F1B6 /* Build configuration list for PBXNativeTarget "AcAnonymous" */ = {
			isa = XCConfigurationList;
			buildConfigurations = (
				20EB1E631B8D96AC0051F1B6 /* Debug */,
				20EB1E641B8D96AC0051F1B6 /* Release */,
			);
			defaultConfigurationIsVisible = 0;
			defaultConfigurationName = Release;
		};
		20EB1E651B8D96AC0051F1B6 /* Build configuration list for PBXNativeTarget "AcAnonymousTests" */ = {
			isa = XCConfigurationList;
			buildConfigurations = (
				20EB1E661B8D96AC0051F1B6 /* Debug */,
				20EB1E671B8D96AC0051F1B6 /* Release */,
			);
			defaultConfigurationIsVisible = 0;
			defaultConfigurationName = Release;
		};
/* End XCConfigurationList section */
	};
	rootObject = 20EB1E341B8D96AC0051F1B6 /* Project object */;
}
